
Microsoft Visual Studio Solution File, Format Version 12.00
# Visual Studio Version 17
VisualStudioVersion = 17.13.35931.197 d17.13
MinimumVisualStudioVersion = 10.0.40219.1
Project("{FAE04EC0-301F-11D3-BF4B-00C04F79EFBC}") = "Autoservis", "Autoservis\Autoservis.csproj", "{80D9D4C3-131B-4B75-B359-1DF4636092A9}"
EndProject
Global
	GlobalSection(SolutionConfigurationPlatforms) = preSolution
		Debug|Any CPU = Debug|Any CPU
		Release|Any CPU = Release|Any CPU
	EndGlobalSection
	GlobalSection(ProjectConfigurationPlatforms) = postSolution
		{80D9D4C3-131B-4B75-B359-1DF4636092A9}.Debug|Any CPU.ActiveCfg = Debug|Any CPU
		{80D9D4C3-131B-4B75-B359-1DF4636092A9}.Debug|Any CPU.Build.0 = Debug|Any CPU
		{80D9D4C3-131B-4B75-B359-1DF4636092A9}.Release|Any CPU.ActiveCfg = Release|Any CPU
		{80D9D4C3-131B-4B75-B359-1DF4636092A9}.Release|Any CPU.Build.0 = Release|Any CPU
	EndGlobalSection
	GlobalSection(SolutionProperties) = preSolution
		HideSolutionNode = FALSE
	EndGlobalSection
	GlobalSection(ExtensibilityGlobals) = postSolution
		SolutionGuid = {61F7775F-1E49-4B10-BFFA-000596B31B9A}
	EndGlobalSection
EndGlobal
